// !$*UTF8*$!
{
	archiveVersion = 1;
	classes = {
	};
	objectVersion = 51;
	objects = {

/* Begin PBXBuildFile section */
		4D0EF6B43882541B8B4C3AEE /* Pods_DesafioMobile2You.framework in Frameworks */ = {isa = PBXBuildFile; fileRef = EA04B8EFCCB148A7D7D4B3B0 /* Pods_DesafioMobile2You.framework */; };
		9514673527ABFB4300B4207E /* AppDelegate.swift in Sources */ = {isa = PBXBuildFile; fileRef = 9514673427ABFB4300B4207E /* AppDelegate.swift */; };
		9514673727ABFB4300B4207E /* SceneDelegate.swift in Sources */ = {isa = PBXBuildFile; fileRef = 9514673627ABFB4300B4207E /* SceneDelegate.swift */; };
		9514673C27ABFB4300B4207E /* Main.storyboard in Resources */ = {isa = PBXBuildFile; fileRef = 9514673A27ABFB4300B4207E /* Main.storyboard */; };
		9514673E27ABFB4500B4207E /* Assets.xcassets in Resources */ = {isa = PBXBuildFile; fileRef = 9514673D27ABFB4500B4207E /* Assets.xcassets */; };
		9514674127ABFB4500B4207E /* LaunchScreen.storyboard in Resources */ = {isa = PBXBuildFile; fileRef = 9514673F27ABFB4500B4207E /* LaunchScreen.storyboard */; };
		953DB39C27AC836F00CCF18C /* MovieViewController.swift in Sources */ = {isa = PBXBuildFile; fileRef = 953DB39B27AC836F00CCF18C /* MovieViewController.swift */; };
		953DB3A127AC8EE100CCF18C /* MovieCardTableViewCell.swift in Sources */ = {isa = PBXBuildFile; fileRef = 953DB3A027AC8EE100CCF18C /* MovieCardTableViewCell.swift */; };
		953DB3AC27AC98A400CCF18C /* Movie.swift in Sources */ = {isa = PBXBuildFile; fileRef = 953DB3AB27AC98A400CCF18C /* Movie.swift */; };
		953DB3B527AD4BD600CCF18C /* Constants.swift in Sources */ = {isa = PBXBuildFile; fileRef = 953DB3B427AD4BD600CCF18C /* Constants.swift */; };
		953DB3B927ADD25500CCF18C /* Service.swift in Sources */ = {isa = PBXBuildFile; fileRef = 953DB3B827ADD25500CCF18C /* Service.swift */; };
		95C700D227ADFD70003E1D51 /* MovieViewModel.swift in Sources */ = {isa = PBXBuildFile; fileRef = 95C700D127ADFD70003E1D51 /* MovieViewModel.swift */; };
		95C700D627AF3CE4003E1D51 /* SimilarMovies.swift in Sources */ = {isa = PBXBuildFile; fileRef = 95C700D527AF3CE4003E1D51 /* SimilarMovies.swift */; };
/* End PBXBuildFile section */

/* Begin PBXFileReference section */
		7715DA43B0D48F5916D97A64 /* Pods-DesafioMobile2You.release.xcconfig */ = {isa = PBXFileReference; includeInIndex = 1; lastKnownFileType = text.xcconfig; name = "Pods-DesafioMobile2You.release.xcconfig"; path = "Target Support Files/Pods-DesafioMobile2You/Pods-DesafioMobile2You.release.xcconfig"; sourceTree = "<group>"; };
		9514673127ABFB4300B4207E /* DesafioMobile2You.app */ = {isa = PBXFileReference; explicitFileType = wrapper.application; includeInIndex = 0; path = DesafioMobile2You.app; sourceTree = BUILT_PRODUCTS_DIR; };
		9514673427ABFB4300B4207E /* AppDelegate.swift */ = {isa = PBXFileReference; lastKnownFileType = sourcecode.swift; path = AppDelegate.swift; sourceTree = "<group>"; };
		9514673627ABFB4300B4207E /* SceneDelegate.swift */ = {isa = PBXFileReference; lastKnownFileType = sourcecode.swift; path = SceneDelegate.swift; sourceTree = "<group>"; };
		9514673B27ABFB4300B4207E /* Base */ = {isa = PBXFileReference; lastKnownFileType = file.storyboard; name = Base; path = Base.lproj/Main.storyboard; sourceTree = "<group>"; };
		9514673D27ABFB4500B4207E /* Assets.xcassets */ = {isa = PBXFileReference; lastKnownFileType = folder.assetcatalog; path = Assets.xcassets; sourceTree = "<group>"; };
		9514674027ABFB4500B4207E /* Base */ = {isa = PBXFileReference; lastKnownFileType = file.storyboard; name = Base; path = Base.lproj/LaunchScreen.storyboard; sourceTree = "<group>"; };
		9514674227ABFB4500B4207E /* Info.plist */ = {isa = PBXFileReference; lastKnownFileType = text.plist.xml; path = Info.plist; sourceTree = "<group>"; };
		953DB39B27AC836F00CCF18C /* MovieViewController.swift */ = {isa = PBXFileReference; lastKnownFileType = sourcecode.swift; path = MovieViewController.swift; sourceTree = "<group>"; };
		953DB3A027AC8EE100CCF18C /* MovieCardTableViewCell.swift */ = {isa = PBXFileReference; lastKnownFileType = sourcecode.swift; path = MovieCardTableViewCell.swift; sourceTree = "<group>"; };
		953DB3AB27AC98A400CCF18C /* Movie.swift */ = {isa = PBXFileReference; lastKnownFileType = sourcecode.swift; path = Movie.swift; sourceTree = "<group>"; };
		953DB3B427AD4BD600CCF18C /* Constants.swift */ = {isa = PBXFileReference; lastKnownFileType = sourcecode.swift; path = Constants.swift; sourceTree = "<group>"; };
		953DB3B827ADD25500CCF18C /* Service.swift */ = {isa = PBXFileReference; lastKnownFileType = sourcecode.swift; name = Service.swift; path = /Users/luana.martinez/Documents/ios/DesafioMobile2You/DesafioMobile2You/Model/Service.swift; sourceTree = "<absolute>"; };
		95C700D127ADFD70003E1D51 /* MovieViewModel.swift */ = {isa = PBXFileReference; lastKnownFileType = sourcecode.swift; path = MovieViewModel.swift; sourceTree = "<group>"; };
		95C700D527AF3CE4003E1D51 /* SimilarMovies.swift */ = {isa = PBXFileReference; lastKnownFileType = sourcecode.swift; path = SimilarMovies.swift; sourceTree = "<group>"; };
		D0438B5747DD95E1BB0F3BFA /* Pods-DesafioMobile2You.debug.xcconfig */ = {isa = PBXFileReference; includeInIndex = 1; lastKnownFileType = text.xcconfig; name = "Pods-DesafioMobile2You.debug.xcconfig"; path = "Target Support Files/Pods-DesafioMobile2You/Pods-DesafioMobile2You.debug.xcconfig"; sourceTree = "<group>"; };
		EA04B8EFCCB148A7D7D4B3B0 /* Pods_DesafioMobile2You.framework */ = {isa = PBXFileReference; explicitFileType = wrapper.framework; includeInIndex = 0; path = Pods_DesafioMobile2You.framework; sourceTree = BUILT_PRODUCTS_DIR; };
/* End PBXFileReference section */

/* Begin PBXFrameworksBuildPhase section */
		9514672E27ABFB4300B4207E /* Frameworks */ = {
			isa = PBXFrameworksBuildPhase;
			buildActionMask = 2147483647;
			files = (
				4D0EF6B43882541B8B4C3AEE /* Pods_DesafioMobile2You.framework in Frameworks */,
			);
			runOnlyForDeploymentPostprocessing = 0;
		};
/* End PBXFrameworksBuildPhase section */

/* Begin PBXGroup section */
		9514672827ABFB4300B4207E = {
			isa = PBXGroup;
			children = (
				9514673327ABFB4300B4207E /* DesafioMobile2You */,
				9514673227ABFB4300B4207E /* Products */,
				C232B9FD01F0368ED770BF55 /* Pods */,
				AC48BB95AA8E91E6E7C82CC3 /* Frameworks */,
			);
			sourceTree = "<group>";
		};
		9514673227ABFB4300B4207E /* Products */ = {
			isa = PBXGroup;
			children = (
				9514673127ABFB4300B4207E /* DesafioMobile2You.app */,
			);
			name = Products;
			sourceTree = "<group>";
		};
		9514673327ABFB4300B4207E /* DesafioMobile2You */ = {
			isa = PBXGroup;
			children = (
				95C700D827AF3E99003E1D51 /* New Group */,
				9514673427ABFB4300B4207E /* AppDelegate.swift */,
				95C700D027ADFCB9003E1D51 /* ViewModel */,
				953DB3AA27AC971A00CCF18C /* Model */,
				953DB39E27AC837F00CCF18C /* Views */,
				953DB3B327AD4B2200CCF18C /* Utils */,
				9514673627ABFB4300B4207E /* SceneDelegate.swift */,
				9514673D27ABFB4500B4207E /* Assets.xcassets */,
				9514673A27ABFB4300B4207E /* Main.storyboard */,
				9514673F27ABFB4500B4207E /* LaunchScreen.storyboard */,
				9514674227ABFB4500B4207E /* Info.plist */,
			);
			path = DesafioMobile2You;
			sourceTree = "<group>";
		};
		953DB39E27AC837F00CCF18C /* Views */ = {
			isa = PBXGroup;
			children = (
				953DB3A027AC8EE100CCF18C /* MovieCardTableViewCell.swift */,
				953DB39B27AC836F00CCF18C /* MovieViewController.swift */,
			);
			path = Views;
			sourceTree = "<group>";
		};
		953DB3AA27AC971A00CCF18C /* Model */ = {
			isa = PBXGroup;
			children = (
				953DB3AB27AC98A400CCF18C /* Movie.swift */,
				953DB3B827ADD25500CCF18C /* Service.swift */,
				95C700D527AF3CE4003E1D51 /* SimilarMovies.swift */,
			);
			path = Model;
			sourceTree = "<group>";
		};
		953DB3B327AD4B2200CCF18C /* Utils */ = {
			isa = PBXGroup;
			children = (
				953DB3B427AD4BD600CCF18C /* Constants.swift */,
			);
			path = Utils;
			sourceTree = "<group>";
		};
		95C700D027ADFCB9003E1D51 /* ViewModel */ = {
			isa = PBXGroup;
			children = (
				95C700D127ADFD70003E1D51 /* MovieViewModel.swift */,
			);
			path = ViewModel;
			sourceTree = "<group>";
		};
		95C700D827AF3E99003E1D51 /* New Group */ = {
			isa = PBXGroup;
			children = (
			);
			path = "New Group";
			sourceTree = "<group>";
		};
		AC48BB95AA8E91E6E7C82CC3 /* Frameworks */ = {
			isa = PBXGroup;
			children = (
				EA04B8EFCCB148A7D7D4B3B0 /* Pods_DesafioMobile2You.framework */,
			);
			name = Frameworks;
			sourceTree = "<group>";
		};
		C232B9FD01F0368ED770BF55 /* Pods */ = {
			isa = PBXGroup;
			children = (
				D0438B5747DD95E1BB0F3BFA /* Pods-DesafioMobile2You.debug.xcconfig */,
				7715DA43B0D48F5916D97A64 /* Pods-DesafioMobile2You.release.xcconfig */,
			);
			path = Pods;
			sourceTree = "<group>";
		};
/* End PBXGroup section */

/* Begin PBXNativeTarget section */
		9514673027ABFB4300B4207E /* DesafioMobile2You */ = {
			isa = PBXNativeTarget;
			buildConfigurationList = 9514674527ABFB4500B4207E /* Build configuration list for PBXNativeTarget "DesafioMobile2You" */;
			buildPhases = (
				9E1E93B34B82B35E921D3F1A /* [CP] Check Pods Manifest.lock */,
				9514672D27ABFB4300B4207E /* Sources */,
				9514672E27ABFB4300B4207E /* Frameworks */,
				9514672F27ABFB4300B4207E /* Resources */,
				8F1B9EBD80BDA4CA6F5D7500 /* [CP] Embed Pods Frameworks */,
			);
			buildRules = (
			);
			dependencies = (
			);
			name = DesafioMobile2You;
			productName = DesafioMobile2You;
			productReference = 9514673127ABFB4300B4207E /* DesafioMobile2You.app */;
			productType = "com.apple.product-type.application";
		};
/* End PBXNativeTarget section */

/* Begin PBXProject section */
		9514672927ABFB4300B4207E /* Project object */ = {
			isa = PBXProject;
			attributes = {
				LastSwiftUpdateCheck = 1240;
				LastUpgradeCheck = 1240;
				TargetAttributes = {
					9514673027ABFB4300B4207E = {
						CreatedOnToolsVersion = 12.4;
					};
				};
			};
			buildConfigurationList = 9514672C27ABFB4300B4207E /* Build configuration list for PBXProject "DesafioMobile2You" */;
			compatibilityVersion = "Xcode 9.3";
			developmentRegion = en;
			hasScannedForEncodings = 0;
			knownRegions = (
				en,
				Base,
			);
			mainGroup = 9514672827ABFB4300B4207E;
			productRefGroup = 9514673227ABFB4300B4207E /* Products */;
			projectDirPath = "";
			projectRoot = "";
			targets = (
				9514673027ABFB4300B4207E /* DesafioMobile2You */,
			);
		};
/* End PBXProject section */

/* Begin PBXResourcesBuildPhase section */
		9514672F27ABFB4300B4207E /* Resources */ = {
			isa = PBXResourcesBuildPhase;
			buildActionMask = 2147483647;
			files = (
				9514674127ABFB4500B4207E /* LaunchScreen.storyboard in Resources */,
				9514673E27ABFB4500B4207E /* Assets.xcassets in Resources */,
				9514673C27ABFB4300B4207E /* Main.storyboard in Resources */,
			);
			runOnlyForDeploymentPostprocessing = 0;
		};
/* End PBXResourcesBuildPhase section */

/* Begin PBXShellScriptBuildPhase section */
		8F1B9EBD80BDA4CA6F5D7500 /* [CP] Embed Pods Frameworks */ = {
			isa = PBXShellScriptBuildPhase;
			buildActionMask = 2147483647;
			files = (
			);
			inputFileListPaths = (
				"${PODS_ROOT}/Target Support Files/Pods-DesafioMobile2You/Pods-DesafioMobile2You-frameworks-${CONFIGURATION}-input-files.xcfilelist",
			);
			name = "[CP] Embed Pods Frameworks";
			outputFileListPaths = (
				"${PODS_ROOT}/Target Support Files/Pods-DesafioMobile2You/Pods-DesafioMobile2You-frameworks-${CONFIGURATION}-output-files.xcfilelist",
			);
			runOnlyForDeploymentPostprocessing = 0;
			shellPath = /bin/sh;
			shellScript = "\"${PODS_ROOT}/Target Support Files/Pods-DesafioMobile2You/Pods-DesafioMobile2You-frameworks.sh\"\n";
			showEnvVarsInLog = 0;
		};
		9E1E93B34B82B35E921D3F1A /* [CP] Check Pods Manifest.lock */ = {
			isa = PBXShellScriptBuildPhase;
			buildActionMask = 2147483647;
			files = (
			);
			inputFileListPaths = (
			);
			inputPaths = (
				"${PODS_PODFILE_DIR_PATH}/Podfile.lock",
				"${PODS_ROOT}/Manifest.lock",
			);
			name = "[CP] Check Pods Manifest.lock";
			outputFileListPaths = (
			);
			outputPaths = (
				"$(DERIVED_FILE_DIR)/Pods-DesafioMobile2You-checkManifestLockResult.txt",
			);
			runOnlyForDeploymentPostprocessing = 0;
			shellPath = /bin/sh;
			shellScript = "diff \"${PODS_PODFILE_DIR_PATH}/Podfile.lock\" \"${PODS_ROOT}/Manifest.lock\" > /dev/null\nif [ $? != 0 ] ; then\n    # print error to STDERR\n    echo \"error: The sandbox is not in sync with the Podfile.lock. Run 'pod install' or update your CocoaPods installation.\" >&2\n    exit 1\nfi\n# This output is used by Xcode 'outputs' to avoid re-running this script phase.\necho \"SUCCESS\" > \"${SCRIPT_OUTPUT_FILE_0}\"\n";
			showEnvVarsInLog = 0;
		};
/* End PBXShellScriptBuildPhase section */

/* Begin PBXSourcesBuildPhase section */
		9514672D27ABFB4300B4207E /* Sources */ = {
			isa = PBXSourcesBuildPhase;
			buildActionMask = 2147483647;
			files = (
				953DB3A127AC8EE100CCF18C /* MovieCardTableViewCell.swift in Sources */,
				953DB3B927ADD25500CCF18C /* Service.swift in Sources */,
				9514673527ABFB4300B4207E /* AppDelegate.swift in Sources */,
				95C700D627AF3CE4003E1D51 /* SimilarMovies.swift in Sources */,
				95C700D227ADFD70003E1D51 /* MovieViewModel.swift in Sources */,
				9514673727ABFB4300B4207E /* SceneDelegate.swift in Sources */,
				953DB39C27AC836F00CCF18C /* MovieViewController.swift in Sources */,
				953DB3AC27AC98A400CCF18C /* Movie.swift in Sources */,
				953DB3B527AD4BD600CCF18C /* Constants.swift in Sources */,
			);
			runOnlyForDeploymentPostprocessing = 0;
		};
/* End PBXSourcesBuildPhase section */

/* Begin PBXVariantGroup section */
		9514673A27ABFB4300B4207E /* Main.storyboard */ = {
			isa = PBXVariantGroup;
			children = (
				9514673B27ABFB4300B4207E /* Base */,
			);
			name = Main.storyboard;
			sourceTree = "<group>";
		};
		9514673F27ABFB4500B4207E /* LaunchScreen.storyboard */ = {
			isa = PBXVariantGroup;
			children = (
				9514674027ABFB4500B4207E /* Base */,
			);
			name = LaunchScreen.storyboard;
			sourceTree = "<group>";
		};
/* End PBXVariantGroup section */

/* Begin XCBuildConfiguration section */
		9514674327ABFB4500B4207E /* Debug */ = {
			isa = XCBuildConfiguration;
			buildSettings = {
				ALWAYS_SEARCH_USER_PATHS = NO;
				CLANG_ANALYZER_NONNULL = YES;
				CLANG_ANALYZER_NUMBER_OBJECT_CONVERSION = YES_AGGRESSIVE;
				CLANG_CXX_LANGUAGE_STANDARD = "gnu++14";
				CLANG_CXX_LIBRARY = "libc++";
				CLANG_ENABLE_MODULES = YES;
				CLANG_ENABLE_OBJC_ARC = YES;
				CLANG_ENABLE_OBJC_WEAK = YES;
				CLANG_WARN_BLOCK_CAPTURE_AUTORELEASING = YES;
				CLANG_WARN_BOOL_CONVERSION = YES;
				CLANG_WARN_COMMA = YES;
				CLANG_WARN_CONSTANT_CONVERSION = YES;
				CLANG_WARN_DEPRECATED_OBJC_IMPLEMENTATIONS = YES;
				CLANG_WARN_DIRECT_OBJC_ISA_USAGE = YES_ERROR;
				CLANG_WARN_DOCUMENTATION_COMMENTS = YES;
				CLANG_WARN_EMPTY_BODY = YES;
				CLANG_WARN_ENUM_CONVERSION = YES;
				CLANG_WARN_INFINITE_RECURSION = YES;
				CLANG_WARN_INT_CONVERSION = YES;
				CLANG_WARN_NON_LITERAL_NULL_CONVERSION = YES;
				CLANG_WARN_OBJC_IMPLICIT_RETAIN_SELF = YES;
				CLANG_WARN_OBJC_LITERAL_CONVERSION = YES;
				CLANG_WARN_OBJC_ROOT_CLASS = YES_ERROR;
				CLANG_WARN_QUOTED_INCLUDE_IN_FRAMEWORK_HEADER = YES;
				CLANG_WARN_RANGE_LOOP_ANALYSIS = YES;
				CLANG_WARN_STRICT_PROTOTYPES = YES;
				CLANG_WARN_SUSPICIOUS_MOVE = YES;
				CLANG_WARN_UNGUARDED_AVAILABILITY = YES_AGGRESSIVE;
				CLANG_WARN_UNREACHABLE_CODE = YES;
				CLANG_WARN__DUPLICATE_METHOD_MATCH = YES;
				COPY_PHASE_STRIP = NO;
				DEBUG_INFORMATION_FORMAT = dwarf;
				ENABLE_STRICT_OBJC_MSGSEND = YES;
				ENABLE_TESTABILITY = YES;
				GCC_C_LANGUAGE_STANDARD = gnu11;
				GCC_DYNAMIC_NO_PIC = NO;
				GCC_NO_COMMON_BLOCKS = YES;
				GCC_OPTIMIZATION_LEVEL = 0;
				GCC_PREPROCESSOR_DEFINITIONS = (
					"DEBUG=1",
					"$(inherited)",
				);
				GCC_WARN_64_TO_32_BIT_CONVERSION = YES;
				GCC_WARN_ABOUT_RETURN_TYPE = YES_ERROR;
				GCC_WARN_UNDECLARED_SELECTOR = YES;
				GCC_WARN_UNINITIALIZED_AUTOS = YES_AGGRESSIVE;
				GCC_WARN_UNUSED_FUNCTION = YES;
				GCC_WARN_UNUSED_VARIABLE = YES;
				IPHONEOS_DEPLOYMENT_TARGET = 14.4;
				MTL_ENABLE_DEBUG_INFO = INCLUDE_SOURCE;
				MTL_FAST_MATH = YES;
				ONLY_ACTIVE_ARCH = YES;
				SDKROOT = iphoneos;
				SWIFT_ACTIVE_COMPILATION_CONDITIONS = DEBUG;
				SWIFT_OPTIMIZATION_LEVEL = "-Onone";
			};
			name = Debug;
		};
		9514674427ABFB4500B4207E /* Release */ = {
			isa = XCBuildConfiguration;
			buildSettings = {
				ALWAYS_SEARCH_USER_PATHS = NO;
				CLANG_ANALYZER_NONNULL = YES;
				CLANG_ANALYZER_NUMBER_OBJECT_CONVERSION = YES_AGGRESSIVE;
				CLANG_CXX_LANGUAGE_STANDARD = "gnu++14";
				CLANG_CXX_LIBRARY = "libc++";
				CLANG_ENABLE_MODULES = YES;
				CLANG_ENABLE_OBJC_ARC = YES;
				CLANG_ENABLE_OBJC_WEAK = YES;
				CLANG_WARN_BLOCK_CAPTURE_AUTORELEASING = YES;
				CLANG_WARN_BOOL_CONVERSION = YES;
				CLANG_WARN_COMMA = YES;
				CLANG_WARN_CONSTANT_CONVERSION = YES;
				CLANG_WARN_DEPRECATED_OBJC_IMPLEMENTATIONS = YES;
				CLANG_WARN_DIRECT_OBJC_ISA_USAGE = YES_ERROR;
				CLANG_WARN_DOCUMENTATION_COMMENTS = YES;
				CLANG_WARN_EMPTY_BODY = YES;
				CLANG_WARN_ENUM_CONVERSION = YES;
				CLANG_WARN_INFINITE_RECURSION = YES;
				CLANG_WARN_INT_CONVERSION = YES;
				CLANG_WARN_NON_LITERAL_NULL_CONVERSION = YES;
				CLANG_WARN_OBJC_IMPLICIT_RETAIN_SELF = YES;
				CLANG_WARN_OBJC_LITERAL_CONVERSION = YES;
				CLANG_WARN_OBJC_ROOT_CLASS = YES_ERROR;
				CLANG_WARN_QUOTED_INCLUDE_IN_FRAMEWORK_HEADER = YES;
				CLANG_WARN_RANGE_LOOP_ANALYSIS = YES;
				CLANG_WARN_STRICT_PROTOTYPES = YES;
				CLANG_WARN_SUSPICIOUS_MOVE = YES;
				CLANG_WARN_UNGUARDED_AVAILABILITY = YES_AGGRESSIVE;
				CLANG_WARN_UNREACHABLE_CODE = YES;
				CLANG_WARN__DUPLICATE_METHOD_MATCH = YES;
				COPY_PHASE_STRIP = NO;
				DEBUG_INFORMATION_FORMAT = "dwarf-with-dsym";
				ENABLE_NS_ASSERTIONS = NO;
				ENABLE_STRICT_OBJC_MSGSEND = YES;
				GCC_C_LANGUAGE_STANDARD = gnu11;
				GCC_NO_COMMON_BLOCKS = YES;
				GCC_WARN_64_TO_32_BIT_CONVERSION = YES;
				GCC_WARN_ABOUT_RETURN_TYPE = YES_ERROR;
				GCC_WARN_UNDECLARED_SELECTOR = YES;
				GCC_WARN_UNINITIALIZED_AUTOS = YES_AGGRESSIVE;
				GCC_WARN_UNUSED_FUNCTION = YES;
				GCC_WARN_UNUSED_VARIABLE = YES;
				IPHONEOS_DEPLOYMENT_TARGET = 14.4;
				MTL_ENABLE_DEBUG_INFO = NO;
				MTL_FAST_MATH = YES;
				SDKROOT = iphoneos;
				SWIFT_COMPILATION_MODE = wholemodule;
				SWIFT_OPTIMIZATION_LEVEL = "-O";
				VALIDATE_PRODUCT = YES;
			};
			name = Release;
		};
		9514674627ABFB4500B4207E /* Debug */ = {
			isa = XCBuildConfiguration;
			baseConfigurationReference = D0438B5747DD95E1BB0F3BFA /* Pods-DesafioMobile2You.debug.xcconfig */;
			buildSettings = {
				ASSETCATALOG_COMPILER_APPICON_NAME = AppIcon;
				ASSETCATALOG_COMPILER_GLOBAL_ACCENT_COLOR_NAME = AccentColor;
				CODE_SIGN_STYLE = Automatic;
				INFOPLIST_FILE = DesafioMobile2You/Info.plist;
				LD_RUNPATH_SEARCH_PATHS = (
					"$(inherited)",
					"@executable_path/Frameworks",
				);
				PRODUCT_BUNDLE_IDENTIFIER = com.leonardo.DesafioMobile2You;
				PRODUCT_NAME = "$(TARGET_NAME)";
				SWIFT_VERSION = 5.0;
				TARGETED_DEVICE_FAMILY = 1;
			};
			name = Debug;
		};
		9514674727ABFB4500B4207E /* Release */ = {
			isa = XCBuildConfiguration;
			baseConfigurationReference = 7715DA43B0D48F5916D97A64 /* Pods-DesafioMobile2You.release.xcconfig */;
			buildSettings = {
				ASSETCATALOG_COMPILER_APPICON_NAME = AppIcon;
				ASSETCATALOG_COMPILER_GLOBAL_ACCENT_COLOR_NAME = AccentColor;
				CODE_SIGN_STYLE = Automatic;
				INFOPLIST_FILE = DesafioMobile2You/Info.plist;
				LD_RUNPATH_SEARCH_PATHS = (
					"$(inherited)",
					"@executable_path/Frameworks",
				);
				PRODUCT_BUNDLE_IDENTIFIER = com.leonardo.DesafioMobile2You;
				PRODUCT_NAME = "$(TARGET_NAME)";
				SWIFT_VERSION = 5.0;
				TARGETED_DEVICE_FAMILY = 1;
			};
			name = Release;
		};
/* End XCBuildConfiguration section */

/* Begin XCConfigurationList section */
		9514672C27ABFB4300B4207E /* Build configuration list for PBXProject "DesafioMobile2You" */ = {
			isa = XCConfigurationList;
			buildConfigurations = (
				9514674327ABFB4500B4207E /* Debug */,
				9514674427ABFB4500B4207E /* Release */,
			);
			defaultConfigurationIsVisible = 0;
			defaultConfigurationName = Release;
		};
		9514674527ABFB4500B4207E /* Build configuration list for PBXNativeTarget "DesafioMobile2You" */ = {
			isa = XCConfigurationList;
			buildConfigurations = (
				9514674627ABFB4500B4207E /* Debug */,
				9514674727ABFB4500B4207E /* Release */,
			);
			defaultConfigurationIsVisible = 0;
			defaultConfigurationName = Release;
		};
/* End XCConfigurationList section */
	};
	rootObject = 9514672927ABFB4300B4207E /* Project object */;
}
